
Microsoft Visual Studio Solution File, Format Version 12.00
# Visual Studio 2012
Project("{D954291E-2A0B-460D-934E-DC6B0785DB48}") = "GitRepUserList", "GitRepUserList\GitRepUserList.shproj", "{109B4EEF-0787-433D-969E-DC9852C3D100}"
EndProject
Project("{FAE04EC0-301F-11D3-BF4B-00C04F79EFBC}") = "GitRepUserList.iOS", "iOS\GitRepUserList.iOS.csproj", "{2DE9754E-724B-48A0-B5AD-E9B248D89FC3}"
EndProject
Project("{FAE04EC0-301F-11D3-BF4B-00C04F79EFBC}") = "GitRepUserList.Droid", "Droid\GitRepUserList.Droid.csproj", "{BF57E1D5-88A9-40D5-95B1-B79E775CA5D6}"
EndProject
Global
	GlobalSection(SolutionConfigurationPlatforms) = preSolution
		Debug|iPhoneSimulator = Debug|iPhoneSimulator
		Release|iPhone = Release|iPhone
		Release|iPhoneSimulator = Release|iPhoneSimulator
		Debug|iPhone = Debug|iPhone
		Debug|Any CPU = Debug|Any CPU
		Release|Any CPU = Release|Any CPU
	EndGlobalSection
	GlobalSection(ProjectConfigurationPlatforms) = postSolution
		{2DE9754E-724B-48A0-B5AD-E9B248D89FC3}.Debug|iPhoneSimulator.ActiveCfg = Debug|iPhoneSimulator
		{2DE9754E-724B-48A0-B5AD-E9B248D89FC3}.Debug|iPhoneSimulator.Build.0 = Debug|iPhoneSimulator
		{2DE9754E-724B-48A0-B5AD-E9B248D89FC3}.Release|iPhone.ActiveCfg = Release|iPhone
		{2DE9754E-724B-48A0-B5AD-E9B248D89FC3}.Release|iPhone.Build.0 = Release|iPhone
		{2DE9754E-724B-48A0-B5AD-E9B248D89FC3}.Release|iPhoneSimulator.ActiveCfg = Release|iPhoneSimulator
		{2DE9754E-724B-48A0-B5AD-E9B248D89FC3}.Release|iPhoneSimulator.Build.0 = Release|iPhoneSimulator
		{2DE9754E-724B-48A0-B5AD-E9B248D89FC3}.Debug|iPhone.ActiveCfg = Debug|iPhone
		{2DE9754E-724B-48A0-B5AD-E9B248D89FC3}.Debug|iPhone.Build.0 = Debug|iPhone
		{2DE9754E-724B-48A0-B5AD-E9B248D89FC3}.Debug|Any CPU.ActiveCfg = Debug|iPhoneSimulator
		{2DE9754E-724B-48A0-B5AD-E9B248D89FC3}.Debug|Any CPU.Build.0 = Debug|iPhoneSimulator
		{2DE9754E-724B-48A0-B5AD-E9B248D89FC3}.Release|Any CPU.ActiveCfg = Release|iPhone
		{2DE9754E-724B-48A0-B5AD-E9B248D89FC3}.Release|Any CPU.Build.0 = Release|iPhone
		{BF57E1D5-88A9-40D5-95B1-B79E775CA5D6}.Debug|iPhoneSimulator.ActiveCfg = Debug|Any CPU
		{BF57E1D5-88A9-40D5-95B1-B79E775CA5D6}.Debug|iPhoneSimulator.Build.0 = Debug|Any CPU
		{BF57E1D5-88A9-40D5-95B1-B79E775CA5D6}.Release|iPhone.ActiveCfg = Release|Any CPU
		{BF57E1D5-88A9-40D5-95B1-B79E775CA5D6}.Release|iPhone.Build.0 = Release|Any CPU
		{BF57E1D5-88A9-40D5-95B1-B79E775CA5D6}.Release|iPhoneSimulator.ActiveCfg = Release|Any CPU
		{BF57E1D5-88A9-40D5-95B1-B79E775CA5D6}.Release|iPhoneSimulator.Build.0 = Release|Any CPU
		{BF57E1D5-88A9-40D5-95B1-B79E775CA5D6}.Debug|iPhone.ActiveCfg = Debug|Any CPU
		{BF57E1D5-88A9-40D5-95B1-B79E775CA5D6}.Debug|iPhone.Build.0 = Debug|Any CPU
		{BF57E1D5-88A9-40D5-95B1-B79E775CA5D6}.Debug|Any CPU.ActiveCfg = Debug|Any CPU
		{BF57E1D5-88A9-40D5-95B1-B79E775CA5D6}.Debug|Any CPU.Build.0 = Debug|Any CPU
		{BF57E1D5-88A9-40D5-95B1-B79E775CA5D6}.Release|Any CPU.ActiveCfg = Release|Any CPU
		{BF57E1D5-88A9-40D5-95B1-B79E775CA5D6}.Release|Any CPU.Build.0 = Release|Any CPU
	EndGlobalSection
EndGlobal
